version = 1
revision = 3
requires-python = "==3.11.*"

[[package]]
name = "blender-robot-render"
version = "0.1.0"
source = { editable = "." }
dependencies = [
    { name = "bpy" },
    { name = "imageio", extra = ["ffmpeg"] },
    { name = "numpy" },
    { name = "pillow" },
    { name = "pyyaml" },
]

[package.metadata]
requires-dist = [
    { name = "bpy", specifier = ">=4.5,<4.6" },
    { name = "imageio", extras = ["ffmpeg"], specifier = ">=2.34" },
    { name = "numpy", specifier = ">=1.24,<2" },
    { name = "pillow", specifier = ">=10" },
    { name = "pyyaml", specifier = ">=6" },
]

[[package]]
name = "bpy"
version = "4.5.10"
source = { registry = "https://pypi.org/simple" }
dependencies = [
    { name = "cython" },
    { name = "numpy" },
    { name = "requests" },
    { name = "zstandard" },
]
wheels = [
    { url = "https://files.pythonhosted.org/packages/df/d7/3b81d57867fd24ca0b991d5bbca6045f7f0a1b5126021c89e1581fdcf39c/bpy-4.5.10-cp311-cp311-macosx_11_0_arm64.whl", hash = "sha256:3bcfd2c8175390e2288cf2a134d403a41c636f9a1ed7a701e458e0e5ee7b69de", size = 220062933, upload-time = "2026-05-19T16:26:04.145Z" },
    { url = "https://files.pythonhosted.org/packages/53/db/bb41f177e4bdc8cacec9c45dc49d85194f5cca10b5db9858770913b82a31/bpy-4.5.10-cp311-cp311-macosx_11_0_x86_64.whl", hash = "sha256:25a66c21da259b16011fddc1ba55783418ef416d11f094f9b1acdb9062bc21e9", size = 235153493, upload-time = "2026-05-19T16:25:46.6Z" },
    { url = "https://files.pythonhosted.org/packages/bd/b5/13f69dc53776ed724e3ebc6787c99582abec92330741d76cee1702380069/bpy-4.5.10-cp311-cp311-manylinux_2_28_x86_64.whl", hash = "sha256:7892e41052c77c447876ced7c7a86fb341bf6c64ed3a0d2854734b3469612150", size = 373040516, upload-time = "2026-05-19T16:24:57.974Z" },
    { url = "https://files.pythonhosted.org/packages/72/8e/e4c4e287eb82eaaad7ca58a75e7657d835158be7e814c3a2349882f2736f/bpy-4.5.10-cp311-cp311-win_amd64.whl", hash = "sha256:b2347dac242ec04836c55ca61c7c3037cc240b20e3c3d202edf2a9b72f16ec42", size = 326737412, upload-time = "2026-05-19T16:25:29.631Z" },
    { url = "https://files.pythonhosted.org/packages/ca/56/44c1662976800786a5701ae538f2053ca2a3e313f060420fee33cc48eb67/bpy-4.5.10-cp311-cp311-win_arm64.whl", hash = "sha256:2261cb6db8d6cdd0a5fba83e7498ef4b97e9dd8b6507e264ddd606fec18faa21", size = 194094150, upload-time = "2026-05-19T16:24:34.45Z" },
]

[[package]]
name = "certifi"
version = "2026.5.20"
source = { registry = "https://pypi.org/simple" }
sdist = { url = "https://files.pythonhosted.org/packages/f3/ce/ee2ecad540810a79593028e88299baeae54d346cc7a0d94b6199988b89b1/certifi-2026.5.20.tar.gz", hash = "sha256:69dea482ab64caa7b9f6aba1c6bf48bb6a5448d1c0f1b17ab42ad8c763a5344d", size = 135422, upload-time = "2026-05-20T11:46:50.073Z" }
wheels = [
    { url = "https://files.pythonhosted.org/packages/59/8c/57e832b7af6d7c5abe66eb3fbe3a3a32f4d11ea23a1aa7131371035be991/certifi-2026.5.20-py3-none-any.whl", hash = "sha256:3c52e209ba0a4ad7aebe60436a4ab349c39e1e602e8c134221e546902ad25897", size = 134134, upload-time = "2026-05-20T11:46:48.578Z" },
]

[[package]]
name = "charset-normalizer"
version = "3.4.7"
source = { registry = "https://pypi.org/simple" }
sdist = { url = "https://files.pythonhosted.org/packages/e7/a1/67fe25fac3c7642725500a3f6cfe5821ad557c3abb11c9d20d12c7008d3e/charset_normalizer-3.4.7.tar.gz", hash = "sha256:ae89db9e5f98a11a4bf50407d4363e7b09b31e55bc117b4f7d80aab97ba009e5", size = 144271, upload-time = "2026-04-02T09:28:39.342Z" }
wheels = [
    { url = "https://files.pythonhosted.org/packages/c2/d7/b5b7020a0565c2e9fa8c09f4b5fa6232feb326b8c20081ccded47ea368fd/charset_normalizer-3.4.7-cp311-cp311-macosx_10_9_universal2.whl", hash = "sha256:7641bb8895e77f921102f72833904dcd9901df5d6d72a2ab8f31d04b7e51e4e7", size = 309705, upload-time = "2026-04-02T09:26:02.191Z" },
    { url = "https://files.pythonhosted.org/packages/5a/53/58c29116c340e5456724ecd2fff4196d236b98f3da97b404bc5e51ac3493/charset_normalizer-3.4.7-cp311-cp311-manylinux2014_aarch64.manylinux_2_17_aarch64.manylinux_2_28_aarch64.whl", hash = "sha256:202389074300232baeb53ae2569a60901f7efadd4245cf3a3bf0617d60b439d7", size = 206419, upload-time = "2026-04-02T09:26:03.583Z" },
    { url = "https://files.pythonhosted.org/packages/b2/02/e8146dc6591a37a00e5144c63f29fb7c97a734ea8a111190783c0e60ab63/charset_normalizer-3.4.7-cp311-cp311-manylinux2014_ppc64le.manylinux_2_17_ppc64le.manylinux_2_28_ppc64le.whl", hash = "sha256:30b8d1d8c52a48c2c5690e152c169b673487a2a58de1ec7393196753063fcd5e", size = 227901, upload-time = "2026-04-02T09:26:04.738Z" },
    { url = "https://files.pythonhosted.org/packages/fb/73/77486c4cd58f1267bf17db420e930c9afa1b3be3fe8c8b8ebbebc9624359/charset_normalizer-3.4.7-cp311-cp311-manylinux2014_s390x.manylinux_2_17_s390x.manylinux_2_28_s390x.whl", hash = "sha256:532bc9bf33a68613fd7d65e4b1c71a6a38d7d42604ecf239c77392e9b4e8998c", size = 222742, upload-time = "2026-04-02T09:26:06.36Z" },
    { url = "https://files.pythonhosted.org/packages/a1/fa/f74eb381a7d94ded44739e9d94de18dc5edc9c17fb8c11f0a6890696c0a9/charset_normalizer-3.4.7-cp311-cp311-manylinux2014_x86_64.manylinux_2_17_x86_64.manylinux_2_28_x86_64.whl", hash = "sha256:2fe249cb4651fd12605b7288b24751d8bfd46d35f12a20b1ba33dea122e690df", size = 214061, upload-time = "2026-04-02T09:26:08.347Z" },
    { url = "https://files.pythonhosted.org/packages/dc/92/42bd3cefcf7687253fb86694b45f37b733c97f59af3724f356fa92b8c344/charset_normalizer-3.4.7-cp311-cp311-manylinux_2_31_armv7l.whl", hash = "sha256:65bcd23054beab4d166035cabbc868a09c1a49d1efe458fe8e4361215df40265", size = 199239, upload-time = "2026-04-02T09:26:09.823Z" },
    { url = "https://files.pythonhosted.org/packages/4c/3d/069e7184e2aa3b3cddc700e3dd267413dc259854adc3380421c805c6a17d/charset_normalizer-3.4.7-cp311-cp311-manylinux_2_31_riscv64.manylinux_2_39_riscv64.whl", hash = "sha256:08e721811161356f97b4059a9ba7bafb23ea5ee2255402c42881c214e173c6b4", size = 210173, upload-time = "2026-04-02T09:26:10.953Z" },
    { url = "https://files.pythonhosted.org/packages/62/51/9d56feb5f2e7074c46f93e0ebdbe61f0848ee246e2f0d89f8e20b89ebb8f/charset_normalizer-3.4.7-cp311-cp311-musllinux_1_2_aarch64.whl", hash = "sha256:e060d01aec0a910bdccb8be71faf34e7799ce36950f8294c8bf612cba65a2c9e", size = 209841, upload-time = "2026-04-02T09:26:12.142Z" },
    { url = "https://files.pythonhosted.org/packages/d2/59/893d8f99cc4c837dda1fe2f1139079703deb9f321aabcb032355de13b6c7/charset_normalizer-3.4.7-cp311-cp311-musllinux_1_2_armv7l.whl", hash = "sha256:38c0109396c4cfc574d502df99742a45c72c08eff0a36158b6f04000043dbf38", size = 200304, upload-time = "2026-04-02T09:26:13.711Z" },
    { url = "https://files.pythonhosted.org/packages/7d/1d/ee6f3be3464247578d1ed5c46de545ccc3d3ff933695395c402c21fa6b77/charset_normalizer-3.4.7-cp311-cp311-musllinux_1_2_ppc64le.whl", hash = "sha256:1c2a768fdd44ee4a9339a9b0b130049139b8ce3c01d2ce09f67f5a68048d477c", size = 229455, upload-time = "2026-04-02T09:26:14.941Z" },
    { url = "https://files.pythonhosted.org/packages/54/bb/8fb0a946296ea96a488928bdce8ef99023998c48e4713af533e9bb98ef07/charset_normalizer-3.4.7-cp311-cp311-musllinux_1_2_riscv64.whl", hash = "sha256:1a87ca9d5df6fe460483d9a5bbf2b18f620cbed41b432e2bddb686228282d10b", size = 210036, upload-time = "2026-04-02T09:26:16.478Z" },
    { url = "https://files.pythonhosted.org/packages/9a/bc/015b2387f913749f82afd4fcba07846d05b6d784dd16123cb66860e0237d/charset_normalizer-3.4.7-cp311-cp311-musllinux_1_2_s390x.whl", hash = "sha256:d635aab80466bc95771bb78d5370e74d36d1fe31467b6b29b8b57b2a3cd7d22c", size = 224739, upload-time = "2026-04-02T09:26:17.751Z" },
    { url = "https://files.pythonhosted.org/packages/17/ab/63133691f56baae417493cba6b7c641571a2130eb7bceba6773367ab9ec5/charset_normalizer-3.4.7-cp311-cp311-musllinux_1_2_x86_64.whl", hash = "sha256:ae196f021b5e7c78e918242d217db021ed2a6ace2bc6ae94c0fc596221c7f58d", size = 216277, upload-time = "2026-04-02T09:26:18.981Z" },
    { url = "https://files.pythonhosted.org/packages/06/6d/3be70e827977f20db77c12a97e6a9f973631a45b8d186c084527e53e77a4/charset_normalizer-3.4.7-cp311-cp311-win32.whl", hash = "sha256:adb2597b428735679446b46c8badf467b4ca5f5056aae4d51a19f9570301b1ad", size = 147819, upload-time = "2026-04-02T09:26:20.295Z" },
    { url = "https://files.pythonhosted.org/packages/20/d9/5f67790f06b735d7c7637171bbfd89882ad67201891b7275e51116ed8207/charset_normalizer-3.4.7-cp311-cp311-win_amd64.whl", hash = "sha256:8e385e4267ab76874ae30db04c627faaaf0b509e1ccc11a95b3fc3e83f855c00", size = 159281, upload-time = "2026-04-02T09:26:21.74Z" },
    { url = "https://files.pythonhosted.org/packages/ca/83/6413f36c5a34afead88ce6f66684d943d91f233d76dd083798f9602b75ae/charset_normalizer-3.4.7-cp311-cp311-win_arm64.whl", hash = "sha256:d4a48e5b3c2a489fae013b7589308a40146ee081f6f509e047e0e096084ceca1", size = 147843, upload-time = "2026-04-02T09:26:22.901Z" },
    { url = "https://files.pythonhosted.org/packages/db/8f/61959034484a4a7c527811f4721e75d02d653a35afb0b6054474d8185d4c/charset_normalizer-3.4.7-py3-none-any.whl", hash = "sha256:3dce51d0f5e7951f8bb4900c257dad282f49190fdbebecd4ba99bcc41fef404d", size = 61958, upload-time = "2026-04-02T09:28:37.794Z" },
]

[[package]]
name = "cython"
version = "3.2.5"
source = { registry = "https://pypi.org/simple" }
sdist = { url = "https://files.pythonhosted.org/packages/3f/3b/ebd94c8b85f8e41b5015a9ed94ee3df866024d480d05cd08b774684fb81d/cython-3.2.5.tar.gz", hash = "sha256:3dd42e4cf36ad15f265bdfec2337cc00c688c8eb6d374ffd13bb19437c27bba1", size = 3286381, upload-time = "2026-05-23T19:34:08.439Z" }
wheels = [
    { url = "https://files.pythonhosted.org/packages/29/d6/f300e5ff4569f706f174ca0eeaadff33c81f4191fe9829c54f261abeb405/cython-3.2.5-cp311-cp311-macosx_11_0_arm64.whl", hash = "sha256:5887c24ebd19604b7a76d8ea57446cb562a590f7f2557e5954a69aae38b3195e", size = 2962591, upload-time = "2026-05-23T19:34:32.497Z" },
    { url = "https://files.pythonhosted.org/packages/af/fa/f8dfa096cd792569fffc923bee371756426ffe5c7409db0a2f768d4b2ffc/cython-3.2.5-cp311-cp311-manylinux2014_aarch64.manylinux_2_17_aarch64.manylinux_2_28_aarch64.whl", hash = "sha256:56c97c5e43782ec9d9e66c465e253d2ccde0c578c364c46445efe484965524f0", size = 3255888, upload-time = "2026-05-23T19:34:35.072Z" },
    { url = "https://files.pythonhosted.org/packages/20/42/edf5d623ab3714605bbfc70064d81cb5746c7e5b7c084478853f13f6c7e1/cython-3.2.5-cp311-cp311-manylinux2014_x86_64.manylinux_2_17_x86_64.manylinux_2_28_x86_64.whl", hash = "sha256:75f5295dc1b32d084fec598f9507e6f264311d78c07da640bc9a05dc47f7ac2c", size = 3389129, upload-time = "2026-05-23T19:34:37.056Z" },
    { url = "https://files.pythonhosted.org/packages/f0/a2/073335aea9343605c66144f9768217cf502be1cecb60ceadd3902e57d065/cython-3.2.5-cp311-cp311-win_amd64.whl", hash = "sha256:b8bc1325cf3e4394cc08a3c1ea7fa24f02f405eef0e8c156d5055f6f9a7a1565", size = 2772310, upload-time = "2026-05-23T19:34:39.519Z" },
    { url = "https://files.pythonhosted.org/packages/a3/de/e3e0cf5704fe569d54b8cd5dc316c9fbf08b1b74728732f86e90168b7a3f/cython-3.2.5-cp39-abi3-macosx_10_9_x86_64.whl", hash = "sha256:224149d18d980e6ea5001b70fc7ce096c1891d59035dfa9cc5ede50f55804913", size = 2879054, upload-time = "2026-05-23T19:35:18.265Z" },
    { url = "https://files.pythonhosted.org/packages/3c/d1/0a6a8caa35c4c57a1f1866b1141c2d00c6af67f73edbe34b2baec6919ccf/cython-3.2.5-cp39-abi3-manylinux1_i686.manylinux_2_28_i686.manylinux_2_5_i686.whl", hash = "sha256:992a50e90d01813333752f374a4405863113059ec67102ab8d6a431a171ee328", size = 3210422, upload-time = "2026-05-23T19:35:20.641Z" },
    { url = "https://files.pythonhosted.org/packages/07/b8/2523398ec96bb0c9bf69ada625a2256a581940b09fe11fcd0029f26ef4ad/cython-3.2.5-cp39-abi3-manylinux2014_armv7l.manylinux_2_17_armv7l.manylinux_2_31_armv7l.whl", hash = "sha256:8d7b81e6a52a84a02993f01aa5873786ba1dd593c892d93d5fe9866da0bad297", size = 2863809, upload-time = "2026-05-23T19:35:22.416Z" },
    { url = "https://files.pythonhosted.org/packages/ff/3d/6b2f316d97bdb02283d79934e50da5cedfec65a536cdd3d69cc3a93486f9/cython-3.2.5-cp39-abi3-musllinux_1_2_aarch64.whl", hash = "sha256:34d21aeb08477c9173e8be7a566b19e880a7c8109ec6bb47a4b20cb680141114", size = 2992518, upload-time = "2026-05-23T19:35:24.737Z" },
    { url = "https://files.pythonhosted.org/packages/68/2c/c9238db1eba208e226d363c00c8b74bf531a6b40c75df2334baa85e142bf/cython-3.2.5-cp39-abi3-musllinux_1_2_armv7l.whl", hash = "sha256:c4c79e697db55f082a2d3ba97702e71881d5bb1f56f0a80fa338e69101e4c59b", size = 2886221, upload-time = "2026-05-23T19:35:26.64Z" },
    { url = "https://files.pythonhosted.org/packages/2d/15/229cc5c2ed92bb8b43c73a3d31c2b4eaf498409300c34a06d93147f7a42b/cython-3.2.5-cp39-abi3-musllinux_1_2_i686.whl", hash = "sha256:39acb30eba78ba6d995d5cf3d97d57d450663d93aac6f8b93753d2b89d768c60", size = 3226990, upload-time = "2026-05-23T19:35:28.979Z" },
    { url = "https://files.pythonhosted.org/packages/56/31/9c0024f2c772fc303f8cae2a204bcad2fedfaf921ba71cf13a878639432d/cython-3.2.5-cp39-abi3-musllinux_1_2_x86_64.whl", hash = "sha256:382122de8d6b6024fc374fabc3a2b14ba5860ed981c25055ed14fe44278b9dc7", size = 3111004, upload-time = "2026-05-23T19:35:30.957Z" },
    { url = "https://files.pythonhosted.org/packages/82/71/8b528247e42ee63cbe1c1d53805d30b28663fa782c88da4a9b69a1a412dd/cython-3.2.5-cp39-abi3-win32.whl", hash = "sha256:0bc29c7f870b09efdb1f583fbec9592b33af81a7ce273b89c8f5163d7572d5c1", size = 2440395, upload-time = "2026-05-23T19:35:33.082Z" },
    { url = "https://files.pythonhosted.org/packages/50/4d/81c91d3279d156ee2c9ead7ed9eaa862e498066d759e92fb83d0d842c5a7/cython-3.2.5-cp39-abi3-win_arm64.whl", hash = "sha256:85b2944c3eddfc230f9082720195a2e9f869908e5a8b3185be1be832755ee7fc", size = 2446963, upload-time = "2026-05-23T19:35:35.267Z" },
    { url = "https://files.pythonhosted.org/packages/d4/5c/9cd909e6a8bb178e4e0f9a2a9227c8201a2be38abe45ada4a4c3e9154277/cython-3.2.5-py3-none-any.whl", hash = "sha256:dc1c8cebb7df5bce37f5f8dc1e5bf04313272a5973d50a55c0ec76c83812911b", size = 1257622, upload-time = "2026-05-23T19:34:05.163Z" },
]

[[package]]
name = "idna"
version = "3.16"
source = { registry = "https://pypi.org/simple" }
sdist = { url = "https://files.pythonhosted.org/packages/1a/88/bcf9709822fe69d02c2a6a77956c98ce6ea8ca8767a9aadcedc7eb6a2390/idna-3.16.tar.gz", hash = "sha256:d7a6da03db833450fca25d2358ac9ff06cd624577a4aea3a596d5c0f77b8e03d", size = 203770, upload-time = "2026-05-22T00:16:18.781Z" }
wheels = [
    { url = "https://files.pythonhosted.org/packages/94/16/70255075a9859a0e3adb789b68ceb0e210dec03934245fd98d248226572f/idna-3.16-py3-none-any.whl", hash = "sha256:cc246e3a3f89580c3a951b5ad298ca4638078b2cdd4f115654332b5c26daded5", size = 74165, upload-time = "2026-05-22T00:16:16.698Z" },
]

[[package]]
name = "imageio"
version = "2.37.3"
source = { registry = "https://pypi.org/simple" }
dependencies = [
    { name = "numpy" },
    { name = "pillow" },
]
sdist = { url = "https://files.pythonhosted.org/packages/b1/84/93bcd1300216ea50811cee96873b84a1bebf8d0489ffaf7f2a3756bab866/imageio-2.37.3.tar.gz", hash = "sha256:bbb37efbfc4c400fcd534b367b91fcd66d5da639aaa138034431a1c5e0a41451", size = 389673, upload-time = "2026-03-09T11:31:12.573Z" }
wheels = [
    { url = "https://files.pythonhosted.org/packages/49/fa/391e437a34e55095173dca5f24070d89cbc233ff85bf1c29c93248c6588d/imageio-2.37.3-py3-none-any.whl", hash = "sha256:46f5bb8522cd421c0f5ae104d8268f569d856b29eb1a13b92829d1970f32c9f0", size = 317646, upload-time = "2026-03-09T11:31:10.771Z" },
]

[package.optional-dependencies]
ffmpeg = [
    { name = "imageio-ffmpeg" },
    { name = "psutil" },
]

[[package]]
name = "imageio-ffmpeg"
version = "0.6.0"
source = { registry = "https://pypi.org/simple" }
sdist = { url = "https://files.pythonhosted.org/packages/44/bd/c3343c721f2a1b0c9fc71c1aebf1966a3b7f08c2eea8ed5437a2865611d6/imageio_ffmpeg-0.6.0.tar.gz", hash = "sha256:e2556bed8e005564a9f925bb7afa4002d82770d6b08825078b7697ab88ba1755", size = 25210, upload-time = "2025-01-16T21:34:32.747Z" }
wheels = [
    { url = "https://files.pythonhosted.org/packages/da/58/87ef68ac83f4c7690961bce288fd8e382bc5f1513860fc7f90a9c1c1c6bf/imageio_ffmpeg-0.6.0-py3-none-macosx_10_9_intel.macosx_10_9_x86_64.whl", hash = "sha256:9d2baaf867088508d4a3458e61eeb30e945c4ad8016025545f66c4b5aaef0a61", size = 24932969, upload-time = "2025-01-16T21:34:20.464Z" },
    { url = "https://files.pythonhosted.org/packages/40/5c/f3d8a657d362cc93b81aab8feda487317da5b5d31c0e1fdfd5e986e55d17/imageio_ffmpeg-0.6.0-py3-none-macosx_11_0_arm64.whl", hash = "sha256:b1ae3173414b5fc5f538a726c4e48ea97edc0d2cdc11f103afee655c463fa742", size = 21113891, upload-time = "2025-01-16T21:34:00.277Z" },
    { url = "https://files.pythonhosted.org/packages/33/e7/1925bfbc563c39c1d2e82501d8372734a5c725e53ac3b31b4c2d081e895b/imageio_ffmpeg-0.6.0-py3-none-manylinux2014_aarch64.whl", hash = "sha256:1d47bebd83d2c5fc770720d211855f208af8a596c82d17730aa51e815cdee6dc", size = 25632706, upload-time = "2025-01-16T21:33:53.475Z" },
    { url = "https://files.pythonhosted.org/packages/a0/2d/43c8522a2038e9d0e7dbdf3a61195ecc31ca576fb1527a528c877e87d973/imageio_ffmpeg-0.6.0-py3-none-manylinux2014_x86_64.whl", hash = "sha256:c7e46fcec401dd990405049d2e2f475e2b397779df2519b544b8aab515195282", size = 29498237, upload-time = "2025-01-16T21:34:13.726Z" },
    { url = "https://files.pythonhosted.org/packages/a0/13/59da54728351883c3c1d9fca1710ab8eee82c7beba585df8f25ca925f08f/imageio_ffmpeg-0.6.0-py3-none-win32.whl", hash = "sha256:196faa79366b4a82f95c0f4053191d2013f4714a715780f0ad2a68ff37483cc2", size = 19652251, upload-time = "2025-01-16T21:34:06.812Z" },
    { url = "https://files.pythonhosted.org/packages/2c/c6/fa760e12a2483469e2bf5058c5faff664acf66cadb4df2ad6205b016a73d/imageio_ffmpeg-0.6.0-py3-none-win_amd64.whl", hash = "sha256:02fa47c83703c37df6bfe4896aab339013f62bf02c5ebf2dce6da56af04ffc0a", size = 31246824, upload-time = "2025-01-16T21:34:28.6Z" },
]

[[package]]
name = "numpy"
version = "1.26.4"
source = { registry = "https://pypi.org/simple" }
sdist = { url = "https://files.pythonhosted.org/packages/65/6e/09db70a523a96d25e115e71cc56a6f9031e7b8cd166c1ac8438307c14058/numpy-1.26.4.tar.gz", hash = "sha256:2a02aba9ed12e4ac4eb3ea9421c420301a0c6460d9830d74a9df87efa4912010", size = 15786129, upload-time = "2024-02-06T00:26:44.495Z" }
wheels = [
    { url = "https://files.pythonhosted.org/packages/11/57/baae43d14fe163fa0e4c47f307b6b2511ab8d7d30177c491960504252053/numpy-1.26.4-cp311-cp311-macosx_10_9_x86_64.whl", hash = "sha256:4c66707fabe114439db9068ee468c26bbdf909cac0fb58686a42a24de1760c71", size = 20630554, upload-time = "2024-02-05T23:51:50.149Z" },
    { url = "https://files.pythonhosted.org/packages/1a/2e/151484f49fd03944c4a3ad9c418ed193cfd02724e138ac8a9505d056c582/numpy-1.26.4-cp311-cp311-macosx_11_0_arm64.whl", hash = "sha256:edd8b5fe47dab091176d21bb6de568acdd906d1887a4584a15a9a96a1dca06ef", size = 13997127, upload-time = "2024-02-05T23:52:15.314Z" },
    { url = "https://files.pythonhosted.org/packages/79/ae/7e5b85136806f9dadf4878bf73cf223fe5c2636818ba3ab1c585d0403164/numpy-1.26.4-cp311-cp311-manylinux_2_17_aarch64.manylinux2014_aarch64.whl", hash = "sha256:7ab55401287bfec946ced39700c053796e7cc0e3acbef09993a9ad2adba6ca6e", size = 14222994, upload-time = "2024-02-05T23:52:47.569Z" },
    { url = "https://files.pythonhosted.org/packages/3a/d0/edc009c27b406c4f9cbc79274d6e46d634d139075492ad055e3d68445925/numpy-1.26.4-cp311-cp311-manylinux_2_17_x86_64.manylinux2014_x86_64.whl", hash = "sha256:666dbfb6ec68962c033a450943ded891bed2d54e6755e35e5835d63f4f6931d5", size = 18252005, upload-time = "2024-02-05T23:53:15.637Z" },
    { url = "https://files.pythonhosted.org/packages/09/bf/2b1aaf8f525f2923ff6cfcf134ae5e750e279ac65ebf386c75a0cf6da06a/numpy-1.26.4-cp311-cp311-musllinux_1_1_aarch64.whl", hash = "sha256:96ff0b2ad353d8f990b63294c8986f1ec3cb19d749234014f4e7eb0112ceba5a", size = 13885297, upload-time = "2024-02-05T23:53:42.16Z" },
    { url = "https://files.pythonhosted.org/packages/df/a0/4e0f14d847cfc2a633a1c8621d00724f3206cfeddeb66d35698c4e2cf3d2/numpy-1.26.4-cp311-cp311-musllinux_1_1_x86_64.whl", hash = "sha256:60dedbb91afcbfdc9bc0b1f3f402804070deed7392c23eb7a7f07fa857868e8a", size = 18093567, upload-time = "2024-02-05T23:54:11.696Z" },
    { url = "https://files.pythonhosted.org/packages/d2/b7/a734c733286e10a7f1a8ad1ae8c90f2d33bf604a96548e0a4a3a6739b468/numpy-1.26.4-cp311-cp311-win32.whl", hash = "sha256:1af303d6b2210eb850fcf03064d364652b7120803a0b872f5211f5234b399f20", size = 5968812, upload-time = "2024-02-05T23:54:26.453Z" },
    { url = "https://files.pythonhosted.org/packages/3f/6b/5610004206cf7f8e7ad91c5a85a8c71b2f2f8051a0c0c4d5916b76d6cbb2/numpy-1.26.4-cp311-cp311-win_amd64.whl", hash = "sha256:cd25bcecc4974d09257ffcd1f098ee778f7834c3ad767fe5db785be9a4aa9cb2", size = 15811913, upload-time = "2024-02-05T23:54:53.933Z" },
]

[[package]]
name = "pillow"
version = "12.2.0"
source = { registry = "https://pypi.org/simple" }
sdist = { url = "https://files.pythonhosted.org/packages/8c/21/c2bcdd5906101a30244eaffc1b6e6ce71a31bd0742a01eb89e660ebfac2d/pillow-12.2.0.tar.gz", hash = "sha256:a830b1a40919539d07806aa58e1b114df53ddd43213d9c8b75847eee6c0182b5", size = 46987819, upload-time = "2026-04-01T14:46:17.687Z" }
wheels = [
    { url = "https://files.pythonhosted.org/packages/68/e1/748f5663efe6edcfc4e74b2b93edfb9b8b99b67f21a854c3ae416500a2d9/pillow-12.2.0-cp311-cp311-macosx_10_10_x86_64.whl", hash = "sha256:8be29e59487a79f173507c30ddf57e733a357f67881430449bb32614075a40ab", size = 5354347, upload-time = "2026-04-01T14:42:44.255Z" },
    { url = "https://files.pythonhosted.org/packages/47/a1/d5ff69e747374c33a3b53b9f98cca7889fce1fd03d79cdc4e1bccc6c5a87/pillow-12.2.0-cp311-cp311-macosx_11_0_arm64.whl", hash = "sha256:71cde9a1e1551df7d34a25462fc60325e8a11a82cc2e2f54578e5e9a1e153d65", size = 4695873, upload-time = "2026-04-01T14:42:46.452Z" },
    { url = "https://files.pythonhosted.org/packages/df/21/e3fbdf54408a973c7f7f89a23b2cb97a7ef30c61ab4142af31eee6aebc88/pillow-12.2.0-cp311-cp311-manylinux2014_aarch64.manylinux_2_17_aarch64.whl", hash = "sha256:f490f9368b6fc026f021db16d7ec2fbf7d89e2edb42e8ec09d2c60505f5729c7", size = 6280168, upload-time = "2026-04-01T14:42:49.228Z" },
    { url = "https://files.pythonhosted.org/packages/d3/f1/00b7278c7dd52b17ad4329153748f87b6756ec195ff786c2bdf12518337d/pillow-12.2.0-cp311-cp311-manylinux2014_x86_64.manylinux_2_17_x86_64.whl", hash = "sha256:8bd7903a5f2a4545f6fd5935c90058b89d30045568985a71c79f5fd6edf9b91e", size = 8088188, upload-time = "2026-04-01T14:42:51.735Z" },
    { url = "https://files.pythonhosted.org/packages/ad/cf/220a5994ef1b10e70e85748b75649d77d506499352be135a4989c957b701/pillow-12.2.0-cp311-cp311-manylinux_2_27_aarch64.manylinux_2_28_aarch64.whl", hash = "sha256:3997232e10d2920a68d25191392e3a4487d8183039e1c74c2297f00ed1c50705", size = 6394401, upload-time = "2026-04-01T14:42:54.343Z" },
    { url = "https://files.pythonhosted.org/packages/e9/bd/e51a61b1054f09437acfbc2ff9106c30d1eb76bc1453d428399946781253/pillow-12.2.0-cp311-cp311-manylinux_2_27_x86_64.manylinux_2_28_x86_64.whl", hash = "sha256:e74473c875d78b8e9d5da2a70f7099549f9eb37ded4e2f6a463e60125bccd176", size = 7079655, upload-time = "2026-04-01T14:42:56.954Z" },
    { url = "https://files.pythonhosted.org/packages/6b/3d/45132c57d5fb4b5744567c3817026480ac7fc3ce5d4c47902bc0e7f6f853/pillow-12.2.0-cp311-cp311-musllinux_1_2_aarch64.whl", hash = "sha256:56a3f9c60a13133a98ecff6197af34d7824de9b7b38c3654861a725c970c197b", size = 6503105, upload-time = "2026-04-01T14:42:59.847Z" },
    { url = "https://files.pythonhosted.org/packages/7d/2e/9df2fc1e82097b1df3dce58dc43286aa01068e918c07574711fcc53e6fb4/pillow-12.2.0-cp311-cp311-musllinux_1_2_x86_64.whl", hash = "sha256:90e6f81de50ad6b534cab6e5aef77ff6e37722b2f5d908686f4a5c9eba17a909", size = 7203402, upload-time = "2026-04-01T14:43:02.664Z" },
    { url = "https://files.pythonhosted.org/packages/bd/2e/2941e42858ebb67e50ae741473de81c2984e6eff7b397017623c676e2e8d/pillow-12.2.0-cp311-cp311-win32.whl", hash = "sha256:8c984051042858021a54926eb597d6ee3012393ce9c181814115df4c60b9a808", size = 6378149, upload-time = "2026-04-01T14:43:05.274Z" },
    { url = "https://files.pythonhosted.org/packages/69/42/836b6f3cd7f3e5fa10a1f1a5420447c17966044c8fbf589cc0452d5502db/pillow-12.2.0-cp311-cp311-win_amd64.whl", hash = "sha256:6e6b2a0c538fc200b38ff9eb6628228b77908c319a005815f2dde585a0664b60", size = 7082626, upload-time = "2026-04-01T14:43:08.557Z" },
    { url = "https://files.pythonhosted.org/packages/c2/88/549194b5d6f1f494b485e493edc6693c0a16f4ada488e5bd974ed1f42fad/pillow-12.2.0-cp311-cp311-win_arm64.whl", hash = "sha256:9a8a34cc89c67a65ea7437ce257cea81a9dad65b29805f3ecee8c8fe8ff25ffe", size = 2463531, upload-time = "2026-04-01T14:43:10.743Z" },
    { url = "https://files.pythonhosted.org/packages/4e/b7/2437044fb910f499610356d1352e3423753c98e34f915252aafecc64889f/pillow-12.2.0-pp311-pypy311_pp73-macosx_10_15_x86_64.whl", hash = "sha256:0538bd5e05efec03ae613fd89c4ce0368ecd2ba239cc25b9f9be7ed426b0af1f", size = 5273969, upload-time = "2026-04-01T14:45:55.538Z" },
    { url = "https://files.pythonhosted.org/packages/f6/f4/8316e31de11b780f4ac08ef3654a75555e624a98db1056ecb2122d008d5a/pillow-12.2.0-pp311-pypy311_pp73-macosx_11_0_arm64.whl", hash = "sha256:394167b21da716608eac917c60aa9b969421b5dcbbe02ae7f013e7b85811c69d", size = 4659674, upload-time = "2026-04-01T14:45:58.093Z" },
    { url = "https://files.pythonhosted.org/packages/d4/37/664fca7201f8bb2aa1d20e2c3d5564a62e6ae5111741966c8319ca802361/pillow-12.2.0-pp311-pypy311_pp73-manylinux2014_aarch64.manylinux_2_17_aarch64.whl", hash = "sha256:5d04bfa02cc2d23b497d1e90a0f927070043f6cbf303e738300532379a4b4e0f", size = 5288479, upload-time = "2026-04-01T14:46:01.141Z" },
    { url = "https://files.pythonhosted.org/packages/49/62/5b0ed78fce87346be7a5cfcfaaad91f6a1f98c26f86bdbafa2066c647ef6/pillow-12.2.0-pp311-pypy311_pp73-manylinux2014_x86_64.manylinux_2_17_x86_64.whl", hash = "sha256:0c838a5125cee37e68edec915651521191cef1e6aa336b855f495766e77a366e", size = 7032230, upload-time = "2026-04-01T14:46:03.874Z" },
    { url = "https://files.pythonhosted.org/packages/c3/28/ec0fc38107fc32536908034e990c47914c57cd7c5a3ece4d8d8f7ffd7e27/pillow-12.2.0-pp311-pypy311_pp73-manylinux_2_27_aarch64.manylinux_2_28_aarch64.whl", hash = "sha256:4a6c9fa44005fa37a91ebfc95d081e8079757d2e904b27103f4f5fa6f0bf78c0", size = 5355404, upload-time = "2026-04-01T14:46:06.33Z" },
    { url = "https://files.pythonhosted.org/packages/5e/8b/51b0eddcfa2180d60e41f06bd6d0a62202b20b59c68f5a132e615b75aecf/pillow-12.2.0-pp311-pypy311_pp73-manylinux_2_27_x86_64.manylinux_2_28_x86_64.whl", hash = "sha256:25373b66e0dd5905ed63fa3cae13c82fbddf3079f2c8bf15c6fb6a35586324c1", size = 6002215, upload-time = "2026-04-01T14:46:08.83Z" },
    { url = "https://files.pythonhosted.org/packages/bc/60/5382c03e1970de634027cee8e1b7d39776b778b81812aaf45b694dfe9e28/pillow-12.2.0-pp311-pypy311_pp73-win_amd64.whl", hash = "sha256:bfa9c230d2fe991bed5318a5f119bd6780cda2915cca595393649fc118ab895e", size = 7080946, upload-time = "2026-04-01T14:46:11.734Z" },
]

[[package]]
name = "psutil"
version = "7.2.2"
source = { registry = "https://pypi.org/simple" }
sdist = { url = "https://files.pythonhosted.org/packages/aa/c6/d1ddf4abb55e93cebc4f2ed8b5d6dbad109ecb8d63748dd2b20ab5e57ebe/psutil-7.2.2.tar.gz", hash = "sha256:0746f5f8d406af344fd547f1c8daa5f5c33dbc293bb8d6a16d80b4bb88f59372", size = 493740, upload-time = "2026-01-28T18:14:54.428Z" }
wheels = [
    { url = "https://files.pythonhosted.org/packages/e7/36/5ee6e05c9bd427237b11b3937ad82bb8ad2752d72c6969314590dd0c2f6e/psutil-7.2.2-cp36-abi3-macosx_10_9_x86_64.whl", hash = "sha256:ed0cace939114f62738d808fdcecd4c869222507e266e574799e9c0faa17d486", size = 129090, upload-time = "2026-01-28T18:15:22.168Z" },
    { url = "https://files.pythonhosted.org/packages/80/c4/f5af4c1ca8c1eeb2e92ccca14ce8effdeec651d5ab6053c589b074eda6e1/psutil-7.2.2-cp36-abi3-macosx_11_0_arm64.whl", hash = "sha256:1a7b04c10f32cc88ab39cbf606e117fd74721c831c98a27dc04578deb0c16979", size = 129859, upload-time = "2026-01-28T18:15:23.795Z" },
    { url = "https://files.pythonhosted.org/packages/b5/70/5d8df3b09e25bce090399cf48e452d25c935ab72dad19406c77f4e828045/psutil-7.2.2-cp36-abi3-manylinux2010_x86_64.manylinux_2_12_x86_64.manylinux_2_28_x86_64.whl", hash = "sha256:076a2d2f923fd4821644f5ba89f059523da90dc9014e85f8e45a5774ca5bc6f9", size = 155560, upload-time = "2026-01-28T18:15:25.976Z" },
    { url = "https://files.pythonhosted.org/packages/63/65/37648c0c158dc222aba51c089eb3bdfa238e621674dc42d48706e639204f/psutil-7.2.2-cp36-abi3-manylinux2014_aarch64.manylinux_2_17_aarch64.manylinux_2_28_aarch64.whl", hash = "sha256:b0726cecd84f9474419d67252add4ac0cd9811b04d61123054b9fb6f57df6e9e", size = 156997, upload-time = "2026-01-28T18:15:27.794Z" },
    { url = "https://files.pythonhosted.org/packages/8e/13/125093eadae863ce03c6ffdbae9929430d116a246ef69866dad94da3bfbc/psutil-7.2.2-cp36-abi3-musllinux_1_2_aarch64.whl", hash = "sha256:fd04ef36b4a6d599bbdb225dd1d3f51e00105f6d48a28f006da7f9822f2606d8", size = 148972, upload-time = "2026-01-28T18:15:29.342Z" },
    { url = "https://files.pythonhosted.org/packages/04/78/0acd37ca84ce3ddffaa92ef0f571e073faa6d8ff1f0559ab1272188ea2be/psutil-7.2.2-cp36-abi3-musllinux_1_2_x86_64.whl", hash = "sha256:b58fabe35e80b264a4e3bb23e6b96f9e45a3df7fb7eed419ac0e5947c61e47cc", size = 148266, upload-time = "2026-01-28T18:15:31.597Z" },
    { url = "https://files.pythonhosted.org/packages/b4/90/e2159492b5426be0c1fef7acba807a03511f97c5f86b3caeda6ad92351a7/psutil-7.2.2-cp37-abi3-win_amd64.whl", hash = "sha256:eb7e81434c8d223ec4a219b5fc1c47d0417b12be7ea866e24fb5ad6e84b3d988", size = 137737, upload-time = "2026-01-28T18:15:33.849Z" },
    { url = "https://files.pythonhosted.org/packages/8c/c7/7bb2e321574b10df20cbde462a94e2b71d05f9bbda251ef27d104668306a/psutil-7.2.2-cp37-abi3-win_arm64.whl", hash = "sha256:8c233660f575a5a89e6d4cb65d9f938126312bca76d8fe087b947b3a1aaac9ee", size = 134617, upload-time = "2026-01-28T18:15:36.514Z" },
]

[[package]]
name = "pyyaml"
version = "6.0.3"
source = { registry = "https://pypi.org/simple" }
sdist = { url = "https://files.pythonhosted.org/packages/05/8e/961c0007c59b8dd7729d542c61a4d537767a59645b82a0b521206e1e25c2/pyyaml-6.0.3.tar.gz", hash = "sha256:d76623373421df22fb4cf8817020cbb7ef15c725b9d5e45f17e189bfc384190f", size = 130960, upload-time = "2025-09-25T21:33:16.546Z" }
wheels = [
    { url = "https://files.pythonhosted.org/packages/6d/16/a95b6757765b7b031c9374925bb718d55e0a9ba8a1b6a12d25962ea44347/pyyaml-6.0.3-cp311-cp311-macosx_10_13_x86_64.whl", hash = "sha256:44edc647873928551a01e7a563d7452ccdebee747728c1080d881d68af7b997e", size = 185826, upload-time = "2025-09-25T21:31:58.655Z" },
    { url = "https://files.pythonhosted.org/packages/16/19/13de8e4377ed53079ee996e1ab0a9c33ec2faf808a4647b7b4c0d46dd239/pyyaml-6.0.3-cp311-cp311-macosx_11_0_arm64.whl", hash = "sha256:652cb6edd41e718550aad172851962662ff2681490a8a711af6a4d288dd96824", size = 175577, upload-time = "2025-09-25T21:32:00.088Z" },
    { url = "https://files.pythonhosted.org/packages/0c/62/d2eb46264d4b157dae1275b573017abec435397aa59cbcdab6fc978a8af4/pyyaml-6.0.3-cp311-cp311-manylinux2014_aarch64.manylinux_2_17_aarch64.manylinux_2_28_aarch64.whl", hash = "sha256:10892704fc220243f5305762e276552a0395f7beb4dbf9b14ec8fd43b57f126c", size = 775556, upload-time = "2025-09-25T21:32:01.31Z" },
    { url = "https://files.pythonhosted.org/packages/10/cb/16c3f2cf3266edd25aaa00d6c4350381c8b012ed6f5276675b9eba8d9ff4/pyyaml-6.0.3-cp311-cp311-manylinux2014_s390x.manylinux_2_17_s390x.manylinux_2_28_s390x.whl", hash = "sha256:850774a7879607d3a6f50d36d04f00ee69e7fc816450e5f7e58d7f17f1ae5c00", size = 882114, upload-time = "2025-09-25T21:32:03.376Z" },
    { url = "https://files.pythonhosted.org/packages/71/60/917329f640924b18ff085ab889a11c763e0b573da888e8404ff486657602/pyyaml-6.0.3-cp311-cp311-manylinux2014_x86_64.manylinux_2_17_x86_64.manylinux_2_28_x86_64.whl", hash = "sha256:b8bb0864c5a28024fac8a632c443c87c5aa6f215c0b126c449ae1a150412f31d", size = 806638, upload-time = "2025-09-25T21:32:04.553Z" },
    { url = "https://files.pythonhosted.org/packages/dd/6f/529b0f316a9fd167281a6c3826b5583e6192dba792dd55e3203d3f8e655a/pyyaml-6.0.3-cp311-cp311-musllinux_1_2_aarch64.whl", hash = "sha256:1d37d57ad971609cf3c53ba6a7e365e40660e3be0e5175fa9f2365a379d6095a", size = 767463, upload-time = "2025-09-25T21:32:06.152Z" },
    { url = "https://files.pythonhosted.org/packages/f2/6a/b627b4e0c1dd03718543519ffb2f1deea4a1e6d42fbab8021936a4d22589/pyyaml-6.0.3-cp311-cp311-musllinux_1_2_x86_64.whl", hash = "sha256:37503bfbfc9d2c40b344d06b2199cf0e96e97957ab1c1b546fd4f87e53e5d3e4", size = 794986, upload-time = "2025-09-25T21:32:07.367Z" },
    { url = "https://files.pythonhosted.org/packages/45/91/47a6e1c42d9ee337c4839208f30d9f09caa9f720ec7582917b264defc875/pyyaml-6.0.3-cp311-cp311-win32.whl", hash = "sha256:8098f252adfa6c80ab48096053f512f2321f0b998f98150cea9bd23d83e1467b", size = 142543, upload-time = "2025-09-25T21:32:08.95Z" },
    { url = "https://files.pythonhosted.org/packages/da/e3/ea007450a105ae919a72393cb06f122f288ef60bba2dc64b26e2646fa315/pyyaml-6.0.3-cp311-cp311-win_amd64.whl", hash = "sha256:9f3bfb4965eb874431221a3ff3fdcddc7e74e3b07799e0e84ca4a0f867d449bf", size = 158763, upload-time = "2025-09-25T21:32:09.96Z" },
]

[[package]]
name = "requests"
version = "2.34.2"
source = { registry = "https://pypi.org/simple" }
dependencies = [
    { name = "certifi" },
    { name = "charset-normalizer" },
    { name = "idna" },
    { name = "urllib3" },
]
sdist = { url = "https://files.pythonhosted.org/packages/ac/c3/e2a2b89f2d3e2179abd6d00ebd70bff6273f37fb3e0cc209f48b39d00cbf/requests-2.34.2.tar.gz", hash = "sha256:f288924cae4e29463698d6d60bc6a4da69c89185ad1e0bcc4104f584e960b9ed", size = 142856, upload-time = "2026-05-14T19:25:27.735Z" }
wheels = [
    { url = "https://files.pythonhosted.org/packages/a0/f4/c67b0b3f1b9245e8d266f0f112c500d50e5b4e83cb6f3b71b6528104182a/requests-2.34.2-py3-none-any.whl", hash = "sha256:2a0d60c172f83ac6ab31e4554906c0f3b3588d37b5cb939b1c061f4907e278e0", size = 73075, upload-time = "2026-05-14T19:25:26.443Z" },
]

[[package]]
name = "urllib3"
version = "2.7.0"
source = { registry = "https://pypi.org/simple" }
sdist = { url = "https://files.pythonhosted.org/packages/53/0c/06f8b233b8fd13b9e5ee11424ef85419ba0d8ba0b3138bf360be2ff56953/urllib3-2.7.0.tar.gz", hash = "sha256:231e0ec3b63ceb14667c67be60f2f2c40a518cb38b03af60abc813da26505f4c", size = 433602, upload-time = "2026-05-07T16:13:18.596Z" }
wheels = [
    { url = "https://files.pythonhosted.org/packages/7f/3e/5db95bcf282c52709639744ca2a8b149baccf648e39c8cc87553df9eae0c/urllib3-2.7.0-py3-none-any.whl", hash = "sha256:9fb4c81ebbb1ce9531cce37674bbc6f1360472bc18ca9a553ede278ef7276897", size = 131087, upload-time = "2026-05-07T16:13:17.151Z" },
]

[[package]]
name = "zstandard"
version = "0.25.0"
source = { registry = "https://pypi.org/simple" }
sdist = { url = "https://files.pythonhosted.org/packages/fd/aa/3e0508d5a5dd96529cdc5a97011299056e14c6505b678fd58938792794b1/zstandard-0.25.0.tar.gz", hash = "sha256:7713e1179d162cf5c7906da876ec2ccb9c3a9dcbdffef0cc7f70c3667a205f0b", size = 711513, upload-time = "2025-09-14T22:15:54.002Z" }
wheels = [
    { url = "https://files.pythonhosted.org/packages/2a/83/c3ca27c363d104980f1c9cee1101cc8ba724ac8c28a033ede6aab89585b1/zstandard-0.25.0-cp311-cp311-macosx_10_9_x86_64.whl", hash = "sha256:933b65d7680ea337180733cf9e87293cc5500cc0eb3fc8769f4d3c88d724ec5c", size = 795254, upload-time = "2025-09-14T22:16:26.137Z" },
    { url = "https://files.pythonhosted.org/packages/ac/4d/e66465c5411a7cf4866aeadc7d108081d8ceba9bc7abe6b14aa21c671ec3/zstandard-0.25.0-cp311-cp311-macosx_11_0_arm64.whl", hash = "sha256:a3f79487c687b1fc69f19e487cd949bf3aae653d181dfb5fde3bf6d18894706f", size = 640559, upload-time = "2025-09-14T22:16:27.973Z" },
    { url = "https://files.pythonhosted.org/packages/12/56/354fe655905f290d3b147b33fe946b0f27e791e4b50a5f004c802cb3eb7b/zstandard-0.25.0-cp311-cp311-manylinux2010_i686.manylinux2014_i686.manylinux_2_12_i686.manylinux_2_17_i686.whl", hash = "sha256:0bbc9a0c65ce0eea3c34a691e3c4b6889f5f3909ba4822ab385fab9057099431", size = 5348020, upload-time = "2025-09-14T22:16:29.523Z" },
    { url = "https://files.pythonhosted.org/packages/3b/13/2b7ed68bd85e69a2069bcc72141d378f22cae5a0f3b353a2c8f50ef30c1b/zstandard-0.25.0-cp311-cp311-manylinux2014_aarch64.manylinux_2_17_aarch64.whl", hash = "sha256:01582723b3ccd6939ab7b3a78622c573799d5d8737b534b86d0e06ac18dbde4a", size = 5058126, upload-time = "2025-09-14T22:16:31.811Z" },
    { url = "https://files.pythonhosted.org/packages/c9/dd/fdaf0674f4b10d92cb120ccff58bbb6626bf8368f00ebfd2a41ba4a0dc99/zstandard-0.25.0-cp311-cp311-manylinux2014_ppc64le.manylinux_2_17_ppc64le.whl", hash = "sha256:5f1ad7bf88535edcf30038f6919abe087f606f62c00a87d7e33e7fc57cb69fcc", size = 5405390, upload-time = "2025-09-14T22:16:33.486Z" },
    { url = "https://files.pythonhosted.org/packages/0f/67/354d1555575bc2490435f90d67ca4dd65238ff2f119f30f72d5cde09c2ad/zstandard-0.25.0-cp311-cp311-manylinux2014_s390x.manylinux_2_17_s390x.whl", hash = "sha256:06acb75eebeedb77b69048031282737717a63e71e4ae3f77cc0c3b9508320df6", size = 5452914, upload-time = "2025-09-14T22:16:35.277Z" },
    { url = "https://files.pythonhosted.org/packages/bb/1f/e9cfd801a3f9190bf3e759c422bbfd2247db9d7f3d54a56ecde70137791a/zstandard-0.25.0-cp311-cp311-manylinux2014_x86_64.manylinux_2_17_x86_64.whl", hash = "sha256:9300d02ea7c6506f00e627e287e0492a5eb0371ec1670ae852fefffa6164b072", size = 5559635, upload-time = "2025-09-14T22:16:37.141Z" },
    { url = "https://files.pythonhosted.org/packages/21/88/5ba550f797ca953a52d708c8e4f380959e7e3280af029e38fbf47b55916e/zstandard-0.25.0-cp311-cp311-musllinux_1_1_aarch64.whl", hash = "sha256:bfd06b1c5584b657a2892a6014c2f4c20e0db0208c159148fa78c65f7e0b0277", size = 5048277, upload-time = "2025-09-14T22:16:38.807Z" },
    { url = "https://files.pythonhosted.org/packages/46/c0/ca3e533b4fa03112facbe7fbe7779cb1ebec215688e5df576fe5429172e0/zstandard-0.25.0-cp311-cp311-musllinux_1_1_x86_64.whl", hash = "sha256:f373da2c1757bb7f1acaf09369cdc1d51d84131e50d5fa9863982fd626466313", size = 5574377, upload-time = "2025-09-14T22:16:40.523Z" },
    { url = "https://files.pythonhosted.org/packages/12/9b/3fb626390113f272abd0799fd677ea33d5fc3ec185e62e6be534493c4b60/zstandard-0.25.0-cp311-cp311-musllinux_1_2_aarch64.whl", hash = "sha256:6c0e5a65158a7946e7a7affa6418878ef97ab66636f13353b8502d7ea03c8097", size = 4961493, upload-time = "2025-09-14T22:16:43.3Z" },
    { url = "https://files.pythonhosted.org/packages/cb/d3/23094a6b6a4b1343b27ae68249daa17ae0651fcfec9ed4de09d14b940285/zstandard-0.25.0-cp311-cp311-musllinux_1_2_i686.whl", hash = "sha256:c8e167d5adf59476fa3e37bee730890e389410c354771a62e3c076c86f9f7778", size = 5269018, upload-time = "2025-09-14T22:16:45.292Z" },
    { url = "https://files.pythonhosted.org/packages/8c/a7/bb5a0c1c0f3f4b5e9d5b55198e39de91e04ba7c205cc46fcb0f95f0383c1/zstandard-0.25.0-cp311-cp311-musllinux_1_2_ppc64le.whl", hash = "sha256:98750a309eb2f020da61e727de7d7ba3c57c97cf6213f6f6277bb7fb42a8e065", size = 5443672, upload-time = "2025-09-14T22:16:47.076Z" },
    { url = "https://files.pythonhosted.org/packages/27/22/503347aa08d073993f25109c36c8d9f029c7d5949198050962cb568dfa5e/zstandard-0.25.0-cp311-cp311-musllinux_1_2_s390x.whl", hash = "sha256:22a086cff1b6ceca18a8dd6096ec631e430e93a8e70a9ca5efa7561a00f826fa", size = 5822753, upload-time = "2025-09-14T22:16:49.316Z" },
    { url = "https://files.pythonhosted.org/packages/e2/be/94267dc6ee64f0f8ba2b2ae7c7a2df934a816baaa7291db9e1aa77394c3c/zstandard-0.25.0-cp311-cp311-musllinux_1_2_x86_64.whl", hash = "sha256:72d35d7aa0bba323965da807a462b0966c91608ef3a48ba761678cb20ce5d8b7", size = 5366047, upload-time = "2025-09-14T22:16:51.328Z" },
    { url = "https://files.pythonhosted.org/packages/7b/a3/732893eab0a3a7aecff8b99052fecf9f605cf0fb5fb6d0290e36beee47a4/zstandard-0.25.0-cp311-cp311-win32.whl", hash = "sha256:f5aeea11ded7320a84dcdd62a3d95b5186834224a9e55b92ccae35d21a8b63d4", size = 436484, upload-time = "2025-09-14T22:16:55.005Z" },
    { url = "https://files.pythonhosted.org/packages/43/a3/c6155f5c1cce691cb80dfd38627046e50af3ee9ddc5d0b45b9b063bfb8c9/zstandard-0.25.0-cp311-cp311-win_amd64.whl", hash = "sha256:daab68faadb847063d0c56f361a289c4f268706b598afbf9ad113cbe5c38b6b2", size = 506183, upload-time = "2025-09-14T22:16:52.753Z" },
    { url = "https://files.pythonhosted.org/packages/8c/3e/8945ab86a0820cc0e0cdbf38086a92868a9172020fdab8a03ac19662b0e5/zstandard-0.25.0-cp311-cp311-win_arm64.whl", hash = "sha256:22a06c5df3751bb7dc67406f5374734ccee8ed37fc5981bf1ad7041831fa1137", size = 462533, upload-time = "2025-09-14T22:16:53.878Z" },
]
